
Microsoft Visual Studio Solution File, Format Version 12.00
# Visual Studio Version 17
VisualStudioVersion = 17.10.35027.167
MinimumVisualStudioVersion = 10.0.40219.1
Project("{FAE04EC0-301F-11D3-BF4B-00C04F79EFBC}") = "Api", "Api\Api.csproj", "{161FDF58-E394-4966-8001-64B2BAF0D5CF}"
EndProject
Global
	GlobalSection(SolutionConfigurationPlatforms) = preSolution
		Debug|Any CPU = Debug|Any CPU
		Release|Any CPU = Release|Any CPU
	EndGlobalSection
	GlobalSection(ProjectConfigurationPlatforms) = postSolution
		{161FDF58-E394-4966-8001-64B2BAF0D5CF}.Debug|Any CPU.ActiveCfg = Debug|Any CPU
		{161FDF58-E394-4966-8001-64B2BAF0D5CF}.Debug|Any CPU.Build.0 = Debug|Any CPU
		{161FDF58-E394-4966-8001-64B2BAF0D5CF}.Release|Any CPU.ActiveCfg = Release|Any CPU
		{161FDF58-E394-4966-8001-64B2BAF0D5CF}.Release|Any CPU.Build.0 = Release|Any CPU
	EndGlobalSection
	GlobalSection(SolutionProperties) = preSolution
		HideSolutionNode = FALSE
	EndGlobalSection
	GlobalSection(ExtensibilityGlobals) = postSolution
		SolutionGuid = {6BAB3483-B760-415D-B8D2-914E72AF9808}
	EndGlobalSection
EndGlobal
